
Microsoft Visual Studio Solution File, Format Version 12.00
# Visual Studio Version 17
VisualStudioVersion = 17.4.33213.308
MinimumVisualStudioVersion = 10.0.40219.1
Project("{FAE04EC0-301F-11D3-BF4B-00C04F79EFBC}") = "DattingApp_FinalApp", "DattingApp_FinalApp\DattingApp_FinalApp.csproj", "{4136CFB9-B4BA-4B18-B08B-580C5A8261BA}"
EndProject
Global
	GlobalSection(SolutionConfigurationPlatforms) = preSolution
		Debug|Any CPU = Debug|Any CPU
		Release|Any CPU = Release|Any CPU
	EndGlobalSection
	GlobalSection(ProjectConfigurationPlatforms) = postSolution
		{4136CFB9-B4BA-4B18-B08B-580C5A8261BA}.Debug|Any CPU.ActiveCfg = Debug|Any CPU
		{4136CFB9-B4BA-4B18-B08B-580C5A8261BA}.Debug|Any CPU.Build.0 = Debug|Any CPU
		{4136CFB9-B4BA-4B18-B08B-580C5A8261BA}.Release|Any CPU.ActiveCfg = Release|Any CPU
		{4136CFB9-B4BA-4B18-B08B-580C5A8261BA}.Release|Any CPU.Build.0 = Release|Any CPU
	EndGlobalSection
	GlobalSection(SolutionProperties) = preSolution
		HideSolutionNode = FALSE
	EndGlobalSection
	GlobalSection(ExtensibilityGlobals) = postSolution
		SolutionGuid = {6467DBC0-7264-4BFF-971E-D98EC7F767B6}
	EndGlobalSection
EndGlobal
